
Microsoft Visual Studio Solution File, Format Version 12.00
# Visual Studio Version 17
VisualStudioVersion = 17.11.35222.181
MinimumVisualStudioVersion = 10.0.40219.1
Project("{2150E333-8FDC-42A3-9474-1A3956D46DE8}") = "1. Введение в ООП на С++", "1. Введение в ООП на С++", "{4C9EF0A3-20E5-456E-9D61-0D6AAAD3F166}"
EndProject
Project("{2150E333-8FDC-42A3-9474-1A3956D46DE8}") = "2. Указатель this и конструктор копирования", "2. Указатель this и конструктор копирования", "{FF273E56-8062-49AE-AE35-97A071D2C649}"
EndProject
Project("{2150E333-8FDC-42A3-9474-1A3956D46DE8}") = "3. Константные функции-члены, explicit конструктора", "3. Константные функции-члены, explicit конструктора", "{C9ECD3E0-8706-4094-A502-C5DC18E37890}"
EndProject
Project("{2150E333-8FDC-42A3-9474-1A3956D46DE8}") = "4. Перегрузка операторов", "4. Перегрузка операторов", "{D70C3C18-8B26-4CEE-8AEF-0D51A34CA271}"
EndProject
Project("{2150E333-8FDC-42A3-9474-1A3956D46DE8}") = "5. Шаблоны классов, класс string", "5. Шаблоны классов, класс string", "{8805F098-CD86-4941-9E2F-E547E6F6D4FD}"
EndProject
Project("{2150E333-8FDC-42A3-9474-1A3956D46DE8}") = "6. Динамические структуры данных", "6. Динамические структуры данных", "{E868F604-47CE-4C5C-8FDB-3E2FF13063AD}"
EndProject
Project("{2150E333-8FDC-42A3-9474-1A3956D46DE8}") = "7. Агрегация, композиция и наследование", "7. Агрегация, композиция и наследование", "{535C9FCB-42A3-4F1E-A412-7F63D02E2C97}"
EndProject
Project("{2150E333-8FDC-42A3-9474-1A3956D46DE8}") = "8. Виртуальные функции", "8. Виртуальные функции", "{97B3DAE9-5B44-4CEE-AFC5-6EF9BB094D26}"
EndProject
Project("{2150E333-8FDC-42A3-9474-1A3956D46DE8}") = "9. Обработка исключительных ситуаций", "9. Обработка исключительных ситуаций", "{F39014C2-B744-41D1-ACA1-E5BDAE4DF30A}"
EndProject
Project("{2150E333-8FDC-42A3-9474-1A3956D46DE8}") = "10. Пространства имён", "10. Пространства имён", "{A060D6A3-DD29-490A-8B6A-9A2EFFE6F44F}"
EndProject
Project("{2150E333-8FDC-42A3-9474-1A3956D46DE8}") = "11. Преобразования типов в С++", "11. Преобразования типов в С++", "{7A7C3EE8-BC84-4ECF-A47A-F6343913F4D6}"
EndProject
Project("{2150E333-8FDC-42A3-9474-1A3956D46DE8}") = "12. Работа с потоками", "12. Работа с потоками", "{061354C2-381D-43C9-A0E5-5DEA4DDA81F0}"
EndProject
Project("{2150E333-8FDC-42A3-9474-1A3956D46DE8}") = "13. Умные указатели, STL, лямбда-функции", "13. Умные указатели, STL, лямбда-функции", "{48FE65B2-1066-4198-B728-534CC6CC840B}"
EndProject
Project("{2150E333-8FDC-42A3-9474-1A3956D46DE8}") = "14. Экзамен", "14. Экзамен", "{DD8DD6D8-476D-4186-AAC9-7B3668777F96}"
EndProject
Project("{2150E333-8FDC-42A3-9474-1A3956D46DE8}") = "Материал для лекции", "Материал для лекции", "{DA51A6E0-57A4-415C-B544-ECD7F2634C6C}"
EndProject
Project("{2150E333-8FDC-42A3-9474-1A3956D46DE8}") = "Лабараторные работы", "Лабараторные работы", "{83E61BF4-1487-4C2D-BCAB-04BE548293C8}"
EndProject
Project("{2150E333-8FDC-42A3-9474-1A3956D46DE8}") = "Домашние задания", "Домашние задания", "{446EF012-321F-4179-811E-A7E50E4485D5}"
EndProject
Project("{8BC9CEB8-8B4A-11D0-8D11-00A0C91BC942}") = "DZ_1", "1. Введение в ООП\Домашние задания\DZ_1\DZ_1.vcxproj", "{3E4AC948-F4C2-4CEF-89B4-786EF33E222D}"
EndProject
Project("{8BC9CEB8-8B4A-11D0-8D11-00A0C91BC942}") = "DZ_2", "1. Введение в ООП\Домашние задания\DZ_2\DZ_2.vcxproj", "{B358A6D4-ADA5-4890-A726-B8F98010EFDA}"
EndProject
Project("{8BC9CEB8-8B4A-11D0-8D11-00A0C91BC942}") = "DZ_3", "1. Введение в ООП\Домашние задания\DZ_3\DZ_3.vcxproj", "{76876E8E-A261-4957-A3CE-0460CA39DB18}"
EndProject
Project("{8BC9CEB8-8B4A-11D0-8D11-00A0C91BC942}") = "LW_1_1", "1. Введение в ООП\Лобараторные работы\LW_1_1\LW_1_1.vcxproj", "{AD003EB5-5B2A-498B-87FC-DDD9D58C0587}"
EndProject
Project("{8BC9CEB8-8B4A-11D0-8D11-00A0C91BC942}") = "LW_1_2", "1. Введение в ООП\Лобараторные работы\LW_1_2\LW_1_2.vcxproj", "{8027290A-7546-4F24-BE9A-8152CCA5ED35}"
EndProject
Project("{8BC9CEB8-8B4A-11D0-8D11-00A0C91BC942}") = "LW_2_1", "1. Введение в ООП\Лобараторные работы\LW_2_1\LW_2_1.vcxproj", "{85FE242A-4225-4621-B932-758B66229998}"
EndProject
Project("{8BC9CEB8-8B4A-11D0-8D11-00A0C91BC942}") = "LW_2_2", "1. Введение в ООП\Лобараторные работы\LW_2_2\LW_2_2.vcxproj", "{E37817C3-2A8E-4CCF-9A99-9E326E6F3C4A}"
EndProject
Project("{8BC9CEB8-8B4A-11D0-8D11-00A0C91BC942}") = "LW_3_1", "1. Введение в ООП\Лобараторные работы\LW_3_1\LW_3_1.vcxproj", "{BEBA502B-435F-4BE8-882A-0F61AC276F2A}"
EndProject
Project("{8BC9CEB8-8B4A-11D0-8D11-00A0C91BC942}") = "LW_2_3", "1. Введение в ООП\Лобараторные работы\LW_2_3\LW_2_3.vcxproj", "{77F4C148-1040-4C1B-AD84-45DFC2A64DEA}"
EndProject
Project("{8BC9CEB8-8B4A-11D0-8D11-00A0C91BC942}") = "LW_2_4", "1. Введение в ООП\Лобараторные работы\LW_2_4\LW_2_4.vcxproj", "{C5BD1844-8B1B-49EB-A307-EC8059A85C19}"
EndProject
Project("{8BC9CEB8-8B4A-11D0-8D11-00A0C91BC942}") = "LW_3_2", "1. Введение в ООП\Лобараторные работы\LW_3_2\LW_3_2.vcxproj", "{AAB7CC6B-0564-4F42-8F74-24EF3F1B6E34}"
EndProject
Project("{2150E333-8FDC-42A3-9474-1A3956D46DE8}") = "Встреча 1", "Встреча 1", "{15D99187-DB84-471A-9766-99F4DAEB7CB9}"
EndProject
Project("{2150E333-8FDC-42A3-9474-1A3956D46DE8}") = "Встреча 2", "Встреча 2", "{A3707FB5-8E05-4C01-89AE-B9D753F31E57}"
EndProject
Project("{2150E333-8FDC-42A3-9474-1A3956D46DE8}") = "После методического материала", "После методического материала", "{FE290502-91CB-40C4-A27D-0A075A421A4B}"
EndProject
Project("{8BC9CEB8-8B4A-11D0-8D11-00A0C91BC942}") = "DZ_After_1", "1. Введение в ООП\Домашние задания\После методического материала\DZ_After_1\DZ_After_1.vcxproj", "{B10C750A-4664-4A7E-9E19-6637117B0280}"
EndProject
Project("{8BC9CEB8-8B4A-11D0-8D11-00A0C91BC942}") = "DZ_After_2", "1. Введение в ООП\Домашние задания\После методического материала\DZ_After_2\DZ_After_2.vcxproj", "{1DD20640-C9C7-450B-AF39-B356EFCD83F9}"
EndProject
Project("{8BC9CEB8-8B4A-11D0-8D11-00A0C91BC942}") = "DZ_After_3", "1. Введение в ООП\Домашние задания\После методического материала\DZ_After_3\DZ_After_3.vcxproj", "{B72094BD-2386-4F47-A95F-4E190DD7CF18}"
EndProject
Project("{8BC9CEB8-8B4A-11D0-8D11-00A0C91BC942}") = "Example_1_1_1", "1. Введение в ООП\Материал для лекции\Встреча 1\Example_1_1\Example_1_1.vcxproj", "{5F79831D-52F0-42A1-A7F4-95F5433FDB64}"
EndProject
Project("{8BC9CEB8-8B4A-11D0-8D11-00A0C91BC942}") = "Example_1_1_2", "1. Введение в ООП\Материал для лекции\Встреча 1\Example_1_2\Example_1_2.vcxproj", "{391BDAA1-8360-4A91-AD80-6E512CC4BDCE}"
EndProject
Project("{8BC9CEB8-8B4A-11D0-8D11-00A0C91BC942}") = "Example_1_1_3", "1. Введение в ООП\Материал для лекции\Встреча 1\Example_1_3\Example_1_3.vcxproj", "{4CD4D074-E563-49CE-99B9-1A1F39F372A4}"
EndProject
Project("{8BC9CEB8-8B4A-11D0-8D11-00A0C91BC942}") = "Example_1_1_4", "1. Введение в ООП\Материал для лекции\Встреча 1\Example_1_4\Example_1_4.vcxproj", "{1F21C8CF-DA4B-444A-980B-80FEC877B938}"
EndProject
Project("{8BC9CEB8-8B4A-11D0-8D11-00A0C91BC942}") = "Example_1_1_5", "1. Введение в ООП\Материал для лекции\Встреча 1\Example_1_5\Example_1_5.vcxproj", "{4A3DC123-7D55-4BD1-819D-5FB201158B09}"
EndProject
Project("{8BC9CEB8-8B4A-11D0-8D11-00A0C91BC942}") = "Example_1_1_6", "1. Введение в ООП\Материал для лекции\Встреча 1\Example_1_6\Example_1_6.vcxproj", "{ACE42B17-2F2E-4F0A-8865-7FA3801D26D5}"
EndProject
Project("{8BC9CEB8-8B4A-11D0-8D11-00A0C91BC942}") = "Example_1_1_7", "1. Введение в ООП\Материал для лекции\Встреча 1\Example_1_7\Example_1_7.vcxproj", "{AA32D60B-6453-496F-A9FE-EB2230F86E6B}"
EndProject
Project("{8BC9CEB8-8B4A-11D0-8D11-00A0C91BC942}") = "Example_1_2_1", "1. Введение в ООП\Материал для лекции\Встреча 2\Example_1_2_1\Example_1_2_1.vcxproj", "{2903F9C6-AB58-4700-9C38-82DF5B1817F9}"
EndProject
Project("{8BC9CEB8-8B4A-11D0-8D11-00A0C91BC942}") = "Example_1_2_2", "1. Введение в ООП\Материал для лекции\Встреча 2\Example_1_2_2\Example_1_2_2.vcxproj", "{4826804B-0154-40B4-B982-7E9F500FB2E3}"
EndProject
Project("{8BC9CEB8-8B4A-11D0-8D11-00A0C91BC942}") = "Example_1_2_3", "1. Введение в ООП\Материал для лекции\Встреча 2\Example_1_2_3\Example_1_2_3.vcxproj", "{07A51B1B-5FCA-474D-93EB-AFCDEDD9DE16}"
EndProject
Project("{8BC9CEB8-8B4A-11D0-8D11-00A0C91BC942}") = "Example_1_2_4", "1. Введение в ООП\Материал для лекции\Встреча 2\Example_1_2_4\Example_1_2_4.vcxproj", "{56C39FB0-176F-4E1E-AD8C-F6EACCDA601B}"
EndProject
Project("{8BC9CEB8-8B4A-11D0-8D11-00A0C91BC942}") = "Example_1_2_5", "1. Введение в ООП\Материал для лекции\Встреча 2\Example_1_2_5\Example_1_2_5.vcxproj", "{7A95DA55-405A-43C3-AE40-CB4F1EB50BF6}"
EndProject
Project("{8BC9CEB8-8B4A-11D0-8D11-00A0C91BC942}") = "Example_1_2_6", "1. Введение в ООП\Материал для лекции\Встреча 2\Example_1_2_6\Example_1_2_6.vcxproj", "{16709CF9-F261-4CBC-9D64-04C8A7FE130F}"
EndProject
Project("{2150E333-8FDC-42A3-9474-1A3956D46DE8}") = "Домашние задания", "Домашние задания", "{4EC9F4C8-4DB9-4024-A937-12E387EF574C}"
EndProject
Project("{2150E333-8FDC-42A3-9474-1A3956D46DE8}") = "Лабараторные работы", "Лабараторные работы", "{D5C91612-3DEA-4F27-902E-C56E779A7E78}"
EndProject
Project("{2150E333-8FDC-42A3-9474-1A3956D46DE8}") = "Материал для лекций", "Материал для лекций", "{9A32190D-6033-4F4E-ADA9-370DA734EFD5}"
EndProject
Project("{2150E333-8FDC-42A3-9474-1A3956D46DE8}") = "Встреча 1", "Встреча 1", "{51EE7E8A-1EBA-4E60-BCD9-95A1BD22288E}"
EndProject
Project("{2150E333-8FDC-42A3-9474-1A3956D46DE8}") = "Встреча 2", "Встреча 2", "{670DC5C9-3EC1-4948-A55D-89835282FEA5}"
EndProject
Project("{8BC9CEB8-8B4A-11D0-8D11-00A0C91BC942}") = "LW_4_1", "2. Указатель this и конструктор копирования\Лабораторные работы\LW_4_1\LW_4_1.vcxproj", "{3AB351CD-E5CC-4C8C-AFC1-2293287B3E66}"
EndProject
Project("{8BC9CEB8-8B4A-11D0-8D11-00A0C91BC942}") = "LW_4_2", "2. Указатель this и конструктор копирования\Лабораторные работы\LW_4_2\LW_4_2.vcxproj", "{C61ED172-08E7-4692-AFD7-66074535689E}"
EndProject
Project("{2150E333-8FDC-42A3-9474-1A3956D46DE8}") = "После методического материала", "После методического материала", "{B329AC6B-7966-43C2-B9F3-FAD1F021943E}"
EndProject
Project("{8BC9CEB8-8B4A-11D0-8D11-00A0C91BC942}") = "DZ_4", "2. Указатель this и конструктор копирования\Домашние работы\DZ_4\DZ_4.vcxproj", "{2A5AF492-1FB1-4158-8DFF-806B9EF6CC7C}"
EndProject
Project("{8BC9CEB8-8B4A-11D0-8D11-00A0C91BC942}") = "DZ_After_2_1", "2. Указатель this и конструктор копирования\Домашние работы\После методического материала\DZ_After_2_1\DZ_After_2_1.vcxproj", "{E87A3146-00EE-4EB7-BD6E-0247020FE20F}"
EndProject
Project("{8BC9CEB8-8B4A-11D0-8D11-00A0C91BC942}") = "DZ_After_2_2", "2. Указатель this и конструктор копирования\Домашние работы\После методического материала\DZ_After_2_2\DZ_After_2_2.vcxproj", "{448A38EC-EDDA-4028-A386-D753C8869E0F}"
EndProject
Project("{8BC9CEB8-8B4A-11D0-8D11-00A0C91BC942}") = "DZ_After_2_3", "2. Указатель this и конструктор копирования\Домашние работы\После методического материала\DZ_After_2_3\DZ_After_2_3.vcxproj", "{16EE69AB-3247-4BD0-9CCC-F2B9B74B9BC5}"
EndProject
Project("{8BC9CEB8-8B4A-11D0-8D11-00A0C91BC942}") = "DZ_After_2_4", "2. Указатель this и конструктор копирования\Домашние работы\После методического материала\DZ_After_2_4\DZ_After_2_4.vcxproj", "{AC4DB7E9-0F6D-43C0-A172-63A56A716C61}"
EndProject
Project("{8BC9CEB8-8B4A-11D0-8D11-00A0C91BC942}") = "Example_2_1_1", "2. Указатель this и конструктор копирования\Материал для лекций\Встреча 1\Example_2_1_1\Example_2_1_1.vcxproj", "{B37DA587-3D67-4539-84D7-FCA1C391D0C7}"
EndProject
Project("{8BC9CEB8-8B4A-11D0-8D11-00A0C91BC942}") = "Example_2_1_0", "2. Указатель this и конструктор копирования\Материал для лекций\Встреча 1\Example_2_1_0\Example_2_1_0.vcxproj", "{2CF8D104-614E-4A9B-A3D8-05F2321B206C}"
EndProject
Project("{8BC9CEB8-8B4A-11D0-8D11-00A0C91BC942}") = "Example_2_1_2", "2. Указатель this и конструктор копирования\Материал для лекций\Встреча 1\Example_2_1_2\Example_2_1_2.vcxproj", "{36CBB1CA-248A-4871-B713-586F24EB1593}"
EndProject
Project("{8BC9CEB8-8B4A-11D0-8D11-00A0C91BC942}") = "Example_2_1_3", "2. Указатель this и конструктор копирования\Материал для лекций\Встреча 1\Example_2_1_3\Example_2_1_3.vcxproj", "{45166C2C-35EF-42CE-92A6-5AF8A8C6C04C}"
EndProject
Project("{8BC9CEB8-8B4A-11D0-8D11-00A0C91BC942}") = "Example_2_1_4", "2. Указатель this и конструктор копирования\Материал для лекций\Встреча 1\Example_2_1_4\Example_2_1_4.vcxproj", "{9B982352-2FE2-4B37-A58D-8F5065973F93}"
EndProject
Project("{8BC9CEB8-8B4A-11D0-8D11-00A0C91BC942}") = "Example_2_1_5", "2. Указатель this и конструктор копирования\Материал для лекций\Встреча 1\Example_2_1_5\Example_2_1_5.vcxproj", "{E4008CE6-AAF2-4B20-B2E2-CE2211E52B13}"
EndProject
Project("{8BC9CEB8-8B4A-11D0-8D11-00A0C91BC942}") = "Example_2_1_6", "2. Указатель this и конструктор копирования\Материал для лекций\Встреча 1\Example_2_1_6\Example_2_1_6.vcxproj", "{A3C8D070-722C-42C0-AAB2-9B4C2C225327}"
EndProject
Project("{8BC9CEB8-8B4A-11D0-8D11-00A0C91BC942}") = "Example_2_1_7", "2. Указатель this и конструктор копирования\Материал для лекций\Встреча 1\Example_2_1_7\Example_2_1_7.vcxproj", "{7C915985-6B1B-4D1F-9105-44D29F4E4F7A}"
EndProject
Project("{8BC9CEB8-8B4A-11D0-8D11-00A0C91BC942}") = "Example_2_1_8", "2. Указатель this и конструктор копирования\Материал для лекций\Встреча 1\Example_2_1_8\Example_2_1_8.vcxproj", "{AC47DAFB-E06E-4649-8211-D95CFA92CA77}"
EndProject
Project("{8BC9CEB8-8B4A-11D0-8D11-00A0C91BC942}") = "Example_2_1_9", "2. Указатель this и конструктор копирования\Материал для лекций\Встреча 1\Example_2_1_9\Example_2_1_9.vcxproj", "{91756C4B-3594-435D-8349-C7A528A1345D}"
EndProject
Project("{8BC9CEB8-8B4A-11D0-8D11-00A0C91BC942}") = "Example_2_1_10", "2. Указатель this и конструктор копирования\Материал для лекций\Встреча 1\Example_2_1_10\Example_2_1_10.vcxproj", "{F3210D4F-2241-4DF1-8E7C-41F71BF5D6AE}"
EndProject
Project("{8BC9CEB8-8B4A-11D0-8D11-00A0C91BC942}") = "Example_2_1_11", "2. Указатель this и конструктор копирования\Материал для лекций\Встреча 1\Example_2_1_11\Example_2_1_11.vcxproj", "{1AE01BE6-81AD-4008-8399-A275EF9DDEA5}"
EndProject
Project("{8BC9CEB8-8B4A-11D0-8D11-00A0C91BC942}") = "Example_2_1_12", "2. Указатель this и конструктор копирования\Материал для лекций\Встреча 1\Example_2_1_12\Example_2_1_12.vcxproj", "{998CFC52-672C-4004-A6C4-50D383D62E45}"
EndProject
Project("{8BC9CEB8-8B4A-11D0-8D11-00A0C91BC942}") = "Example_2_2_0", "2. Указатель this и конструктор копирования\Материал для лекций\Встреча 2\Example_2_2_0\Example_2_2_0.vcxproj", "{F80AAA47-641E-4774-B5BA-A7C632FE3741}"
EndProject
Project("{8BC9CEB8-8B4A-11D0-8D11-00A0C91BC942}") = "Example_2_2_1", "2. Указатель this и конструктор копирования\Материал для лекций\Встреча 2\Example_2_2_1\Example_2_2_1.vcxproj", "{F9309310-2953-4573-85CD-F82D71D5CB1F}"
EndProject
Project("{8BC9CEB8-8B4A-11D0-8D11-00A0C91BC942}") = "Example_2_2_2", "2. Указатель this и конструктор копирования\Материал для лекций\Встреча 2\Example_2_2_2\Example_2_2_2.vcxproj", "{123280F4-64D4-48BB-95EA-509D4BB4410E}"
EndProject
Project("{8BC9CEB8-8B4A-11D0-8D11-00A0C91BC942}") = "Example_2_2_3", "2. Указатель this и конструктор копирования\Материал для лекций\Встреча 2\Example_2_2_3\Example_2_2_3.vcxproj", "{A119D1E6-60E8-4A14-A4D6-65CFE66BDB96}"
EndProject
Project("{8BC9CEB8-8B4A-11D0-8D11-00A0C91BC942}") = "Example_2_2_4", "2. Указатель this и конструктор копирования\Материал для лекций\Встреча 2\Example_2_2_4\Example_2_2_4.vcxproj", "{38162DA4-7992-481C-B658-29E3C2281F84}"
EndProject
Project("{8BC9CEB8-8B4A-11D0-8D11-00A0C91BC942}") = "Example_2_2_5", "2. Указатель this и конструктор копирования\Материал для лекций\Встреча 2\Example_2_2_5\Example_2_2_5.vcxproj", "{F91B527F-F69E-4FF9-90FB-E025567F3168}"
EndProject
Project("{8BC9CEB8-8B4A-11D0-8D11-00A0C91BC942}") = "Example_2_2_6", "2. Указатель this и конструктор копирования\Материал для лекций\Встреча 2\Example_2_2_6\Example_2_2_6.vcxproj", "{E6B7A4C4-B14A-4236-B746-5383A16F92B8}"
EndProject
Project("{8BC9CEB8-8B4A-11D0-8D11-00A0C91BC942}") = "Example_2_2_7", "2. Указатель this и конструктор копирования\Материал для лекций\Встреча 2\Example_2_2_7\Example_2_2_7.vcxproj", "{D29AF0A3-E0C3-4561-BFA6-DFE22F7C6151}"
EndProject
Project("{8BC9CEB8-8B4A-11D0-8D11-00A0C91BC942}") = "Example_2_2_8", "2. Указатель this и конструктор копирования\Материал для лекций\Встреча 2\Example_2_2_8\Example_2_2_8.vcxproj", "{E48EC5D5-FC5C-404A-8A3B-73DB83F2A9E4}"
EndProject
Project("{8BC9CEB8-8B4A-11D0-8D11-00A0C91BC942}") = "Example_1_2_7", "1. Введение в ООП\Материал для лекции\Встреча 2\Example_1_2_7\Example_1_2_7.vcxproj", "{7A2BBEF5-7F15-45E4-899C-A046612CD186}"
EndProject
Global
	GlobalSection(SolutionConfigurationPlatforms) = preSolution
		Debug|x64 = Debug|x64
		Debug|x86 = Debug|x86
		Release|x64 = Release|x64
		Release|x86 = Release|x86
	EndGlobalSection
	GlobalSection(ProjectConfigurationPlatforms) = postSolution
		{3E4AC948-F4C2-4CEF-89B4-786EF33E222D}.Debug|x64.ActiveCfg = Debug|x64
		{3E4AC948-F4C2-4CEF-89B4-786EF33E222D}.Debug|x64.Build.0 = Debug|x64
		{3E4AC948-F4C2-4CEF-89B4-786EF33E222D}.Debug|x86.ActiveCfg = Debug|Win32
		{3E4AC948-F4C2-4CEF-89B4-786EF33E222D}.Debug|x86.Build.0 = Debug|Win32
		{3E4AC948-F4C2-4CEF-89B4-786EF33E222D}.Release|x64.ActiveCfg = Release|x64
		{3E4AC948-F4C2-4CEF-89B4-786EF33E222D}.Release|x64.Build.0 = Release|x64
		{3E4AC948-F4C2-4CEF-89B4-786EF33E222D}.Release|x86.ActiveCfg = Release|Win32
		{3E4AC948-F4C2-4CEF-89B4-786EF33E222D}.Release|x86.Build.0 = Release|Win32
		{B358A6D4-ADA5-4890-A726-B8F98010EFDA}.Debug|x64.ActiveCfg = Debug|x64
		{B358A6D4-ADA5-4890-A726-B8F98010EFDA}.Debug|x64.Build.0 = Debug|x64
		{B358A6D4-ADA5-4890-A726-B8F98010EFDA}.Debug|x86.ActiveCfg = Debug|Win32
		{B358A6D4-ADA5-4890-A726-B8F98010EFDA}.Debug|x86.Build.0 = Debug|Win32
		{B358A6D4-ADA5-4890-A726-B8F98010EFDA}.Release|x64.ActiveCfg = Release|x64
		{B358A6D4-ADA5-4890-A726-B8F98010EFDA}.Release|x64.Build.0 = Release|x64
		{B358A6D4-ADA5-4890-A726-B8F98010EFDA}.Release|x86.ActiveCfg = Release|Win32
		{B358A6D4-ADA5-4890-A726-B8F98010EFDA}.Release|x86.Build.0 = Release|Win32
		{76876E8E-A261-4957-A3CE-0460CA39DB18}.Debug|x64.ActiveCfg = Debug|x64
		{76876E8E-A261-4957-A3CE-0460CA39DB18}.Debug|x64.Build.0 = Debug|x64
		{76876E8E-A261-4957-A3CE-0460CA39DB18}.Debug|x86.ActiveCfg = Debug|Win32
		{76876E8E-A261-4957-A3CE-0460CA39DB18}.Debug|x86.Build.0 = Debug|Win32
		{76876E8E-A261-4957-A3CE-0460CA39DB18}.Release|x64.ActiveCfg = Release|x64
		{76876E8E-A261-4957-A3CE-0460CA39DB18}.Release|x64.Build.0 = Release|x64
		{76876E8E-A261-4957-A3CE-0460CA39DB18}.Release|x86.ActiveCfg = Release|Win32
		{76876E8E-A261-4957-A3CE-0460CA39DB18}.Release|x86.Build.0 = Release|Win32
		{AD003EB5-5B2A-498B-87FC-DDD9D58C0587}.Debug|x64.ActiveCfg = Debug|x64
		{AD003EB5-5B2A-498B-87FC-DDD9D58C0587}.Debug|x64.Build.0 = Debug|x64
		{AD003EB5-5B2A-498B-87FC-DDD9D58C0587}.Debug|x86.ActiveCfg = Debug|Win32
		{AD003EB5-5B2A-498B-87FC-DDD9D58C0587}.Debug|x86.Build.0 = Debug|Win32
		{AD003EB5-5B2A-498B-87FC-DDD9D58C0587}.Release|x64.ActiveCfg = Release|x64
		{AD003EB5-5B2A-498B-87FC-DDD9D58C0587}.Release|x64.Build.0 = Release|x64
		{AD003EB5-5B2A-498B-87FC-DDD9D58C0587}.Release|x86.ActiveCfg = Release|Win32
		{AD003EB5-5B2A-498B-87FC-DDD9D58C0587}.Release|x86.Build.0 = Release|Win32
		{8027290A-7546-4F24-BE9A-8152CCA5ED35}.Debug|x64.ActiveCfg = Debug|x64
		{8027290A-7546-4F24-BE9A-8152CCA5ED35}.Debug|x64.Build.0 = Debug|x64
		{8027290A-7546-4F24-BE9A-8152CCA5ED35}.Debug|x86.ActiveCfg = Debug|Win32
		{8027290A-7546-4F24-BE9A-8152CCA5ED35}.Debug|x86.Build.0 = Debug|Win32
		{8027290A-7546-4F24-BE9A-8152CCA5ED35}.Release|x64.ActiveCfg = Release|x64
		{8027290A-7546-4F24-BE9A-8152CCA5ED35}.Release|x64.Build.0 = Release|x64
		{8027290A-7546-4F24-BE9A-8152CCA5ED35}.Release|x86.ActiveCfg = Release|Win32
		{8027290A-7546-4F24-BE9A-8152CCA5ED35}.Release|x86.Build.0 = Release|Win32
		{85FE242A-4225-4621-B932-758B66229998}.Debug|x64.ActiveCfg = Debug|x64
		{85FE242A-4225-4621-B932-758B66229998}.Debug|x64.Build.0 = Debug|x64
		{85FE242A-4225-4621-B932-758B66229998}.Debug|x86.ActiveCfg = Debug|Win32
		{85FE242A-4225-4621-B932-758B66229998}.Debug|x86.Build.0 = Debug|Win32
		{85FE242A-4225-4621-B932-758B66229998}.Release|x64.ActiveCfg = Release|x64
		{85FE242A-4225-4621-B932-758B66229998}.Release|x64.Build.0 = Release|x64
		{85FE242A-4225-4621-B932-758B66229998}.Release|x86.ActiveCfg = Release|Win32
		{85FE242A-4225-4621-B932-758B66229998}.Release|x86.Build.0 = Release|Win32
		{E37817C3-2A8E-4CCF-9A99-9E326E6F3C4A}.Debug|x64.ActiveCfg = Debug|x64
		{E37817C3-2A8E-4CCF-9A99-9E326E6F3C4A}.Debug|x64.Build.0 = Debug|x64
		{E37817C3-2A8E-4CCF-9A99-9E326E6F3C4A}.Debug|x86.ActiveCfg = Debug|Win32
		{E37817C3-2A8E-4CCF-9A99-9E326E6F3C4A}.Debug|x86.Build.0 = Debug|Win32
		{E37817C3-2A8E-4CCF-9A99-9E326E6F3C4A}.Release|x64.ActiveCfg = Release|x64
		{E37817C3-2A8E-4CCF-9A99-9E326E6F3C4A}.Release|x64.Build.0 = Release|x64
		{E37817C3-2A8E-4CCF-9A99-9E326E6F3C4A}.Release|x86.ActiveCfg = Release|Win32
		{E37817C3-2A8E-4CCF-9A99-9E326E6F3C4A}.Release|x86.Build.0 = Release|Win32
		{BEBA502B-435F-4BE8-882A-0F61AC276F2A}.Debug|x64.ActiveCfg = Debug|x64
		{BEBA502B-435F-4BE8-882A-0F61AC276F2A}.Debug|x64.Build.0 = Debug|x64
		{BEBA502B-435F-4BE8-882A-0F61AC276F2A}.Debug|x86.ActiveCfg = Debug|Win32
		{BEBA502B-435F-4BE8-882A-0F61AC276F2A}.Debug|x86.Build.0 = Debug|Win32
		{BEBA502B-435F-4BE8-882A-0F61AC276F2A}.Release|x64.ActiveCfg = Release|x64
		{BEBA502B-435F-4BE8-882A-0F61AC276F2A}.Release|x64.Build.0 = Release|x64
		{BEBA502B-435F-4BE8-882A-0F61AC276F2A}.Release|x86.ActiveCfg = Release|Win32
		{BEBA502B-435F-4BE8-882A-0F61AC276F2A}.Release|x86.Build.0 = Release|Win32
		{77F4C148-1040-4C1B-AD84-45DFC2A64DEA}.Debug|x64.ActiveCfg = Debug|x64
		{77F4C148-1040-4C1B-AD84-45DFC2A64DEA}.Debug|x64.Build.0 = Debug|x64
		{77F4C148-1040-4C1B-AD84-45DFC2A64DEA}.Debug|x86.ActiveCfg = Debug|Win32
		{77F4C148-1040-4C1B-AD84-45DFC2A64DEA}.Debug|x86.Build.0 = Debug|Win32
		{77F4C148-1040-4C1B-AD84-45DFC2A64DEA}.Release|x64.ActiveCfg = Release|x64
		{77F4C148-1040-4C1B-AD84-45DFC2A64DEA}.Release|x64.Build.0 = Release|x64
		{77F4C148-1040-4C1B-AD84-45DFC2A64DEA}.Release|x86.ActiveCfg = Release|Win32
		{77F4C148-1040-4C1B-AD84-45DFC2A64DEA}.Release|x86.Build.0 = Release|Win32
		{C5BD1844-8B1B-49EB-A307-EC8059A85C19}.Debug|x64.ActiveCfg = Debug|x64
		{C5BD1844-8B1B-49EB-A307-EC8059A85C19}.Debug|x64.Build.0 = Debug|x64
		{C5BD1844-8B1B-49EB-A307-EC8059A85C19}.Debug|x86.ActiveCfg = Debug|Win32
		{C5BD1844-8B1B-49EB-A307-EC8059A85C19}.Debug|x86.Build.0 = Debug|Win32
		{C5BD1844-8B1B-49EB-A307-EC8059A85C19}.Release|x64.ActiveCfg = Release|x64
		{C5BD1844-8B1B-49EB-A307-EC8059A85C19}.Release|x64.Build.0 = Release|x64
		{C5BD1844-8B1B-49EB-A307-EC8059A85C19}.Release|x86.ActiveCfg = Release|Win32
		{C5BD1844-8B1B-49EB-A307-EC8059A85C19}.Release|x86.Build.0 = Release|Win32
		{AAB7CC6B-0564-4F42-8F74-24EF3F1B6E34}.Debug|x64.ActiveCfg = Debug|x64
		{AAB7CC6B-0564-4F42-8F74-24EF3F1B6E34}.Debug|x64.Build.0 = Debug|x64
		{AAB7CC6B-0564-4F42-8F74-24EF3F1B6E34}.Debug|x86.ActiveCfg = Debug|Win32
		{AAB7CC6B-0564-4F42-8F74-24EF3F1B6E34}.Debug|x86.Build.0 = Debug|Win32
		{AAB7CC6B-0564-4F42-8F74-24EF3F1B6E34}.Release|x64.ActiveCfg = Release|x64
		{AAB7CC6B-0564-4F42-8F74-24EF3F1B6E34}.Release|x64.Build.0 = Release|x64
		{AAB7CC6B-0564-4F42-8F74-24EF3F1B6E34}.Release|x86.ActiveCfg = Release|Win32
		{AAB7CC6B-0564-4F42-8F74-24EF3F1B6E34}.Release|x86.Build.0 = Release|Win32
		{B10C750A-4664-4A7E-9E19-6637117B0280}.Debug|x64.ActiveCfg = Debug|x64
		{B10C750A-4664-4A7E-9E19-6637117B0280}.Debug|x64.Build.0 = Debug|x64
		{B10C750A-4664-4A7E-9E19-6637117B0280}.Debug|x86.ActiveCfg = Debug|Win32
		{B10C750A-4664-4A7E-9E19-6637117B0280}.Debug|x86.Build.0 = Debug|Win32
		{B10C750A-4664-4A7E-9E19-6637117B0280}.Release|x64.ActiveCfg = Release|x64
		{B10C750A-4664-4A7E-9E19-6637117B0280}.Release|x64.Build.0 = Release|x64
		{B10C750A-4664-4A7E-9E19-6637117B0280}.Release|x86.ActiveCfg = Release|Win32
		{B10C750A-4664-4A7E-9E19-6637117B0280}.Release|x86.Build.0 = Release|Win32
		{1DD20640-C9C7-450B-AF39-B356EFCD83F9}.Debug|x64.ActiveCfg = Debug|x64
		{1DD20640-C9C7-450B-AF39-B356EFCD83F9}.Debug|x64.Build.0 = Debug|x64
		{1DD20640-C9C7-450B-AF39-B356EFCD83F9}.Debug|x86.ActiveCfg = Debug|Win32
		{1DD20640-C9C7-450B-AF39-B356EFCD83F9}.Debug|x86.Build.0 = Debug|Win32
		{1DD20640-C9C7-450B-AF39-B356EFCD83F9}.Release|x64.ActiveCfg = Release|x64
		{1DD20640-C9C7-450B-AF39-B356EFCD83F9}.Release|x64.Build.0 = Release|x64
		{1DD20640-C9C7-450B-AF39-B356EFCD83F9}.Release|x86.ActiveCfg = Release|Win32
		{1DD20640-C9C7-450B-AF39-B356EFCD83F9}.Release|x86.Build.0 = Release|Win32
		{B72094BD-2386-4F47-A95F-4E190DD7CF18}.Debug|x64.ActiveCfg = Debug|x64
		{B72094BD-2386-4F47-A95F-4E190DD7CF18}.Debug|x64.Build.0 = Debug|x64
		{B72094BD-2386-4F47-A95F-4E190DD7CF18}.Debug|x86.ActiveCfg = Debug|Win32
		{B72094BD-2386-4F47-A95F-4E190DD7CF18}.Debug|x86.Build.0 = Debug|Win32
		{B72094BD-2386-4F47-A95F-4E190DD7CF18}.Release|x64.ActiveCfg = Release|x64
		{B72094BD-2386-4F47-A95F-4E190DD7CF18}.Release|x64.Build.0 = Release|x64
		{B72094BD-2386-4F47-A95F-4E190DD7CF18}.Release|x86.ActiveCfg = Release|Win32
		{B72094BD-2386-4F47-A95F-4E190DD7CF18}.Release|x86.Build.0 = Release|Win32
		{5F79831D-52F0-42A1-A7F4-95F5433FDB64}.Debug|x64.ActiveCfg = Debug|x64
		{5F79831D-52F0-42A1-A7F4-95F5433FDB64}.Debug|x64.Build.0 = Debug|x64
		{5F79831D-52F0-42A1-A7F4-95F5433FDB64}.Debug|x86.ActiveCfg = Debug|Win32
		{5F79831D-52F0-42A1-A7F4-95F5433FDB64}.Debug|x86.Build.0 = Debug|Win32
		{5F79831D-52F0-42A1-A7F4-95F5433FDB64}.Release|x64.ActiveCfg = Release|x64
		{5F79831D-52F0-42A1-A7F4-95F5433FDB64}.Release|x64.Build.0 = Release|x64
		{5F79831D-52F0-42A1-A7F4-95F5433FDB64}.Release|x86.ActiveCfg = Release|Win32
		{5F79831D-52F0-42A1-A7F4-95F5433FDB64}.Release|x86.Build.0 = Release|Win32
		{391BDAA1-8360-4A91-AD80-6E512CC4BDCE}.Debug|x64.ActiveCfg = Debug|x64
		{391BDAA1-8360-4A91-AD80-6E512CC4BDCE}.Debug|x64.Build.0 = Debug|x64
		{391BDAA1-8360-4A91-AD80-6E512CC4BDCE}.Debug|x86.ActiveCfg = Debug|Win32
		{391BDAA1-8360-4A91-AD80-6E512CC4BDCE}.Debug|x86.Build.0 = Debug|Win32
		{391BDAA1-8360-4A91-AD80-6E512CC4BDCE}.Release|x64.ActiveCfg = Release|x64
		{391BDAA1-8360-4A91-AD80-6E512CC4BDCE}.Release|x64.Build.0 = Release|x64
		{391BDAA1-8360-4A91-AD80-6E512CC4BDCE}.Release|x86.ActiveCfg = Release|Win32
		{391BDAA1-8360-4A91-AD80-6E512CC4BDCE}.Release|x86.Build.0 = Release|Win32
		{4CD4D074-E563-49CE-99B9-1A1F39F372A4}.Debug|x64.ActiveCfg = Debug|x64
		{4CD4D074-E563-49CE-99B9-1A1F39F372A4}.Debug|x64.Build.0 = Debug|x64
		{4CD4D074-E563-49CE-99B9-1A1F39F372A4}.Debug|x86.ActiveCfg = Debug|Win32
		{4CD4D074-E563-49CE-99B9-1A1F39F372A4}.Debug|x86.Build.0 = Debug|Win32
		{4CD4D074-E563-49CE-99B9-1A1F39F372A4}.Release|x64.ActiveCfg = Release|x64
		{4CD4D074-E563-49CE-99B9-1A1F39F372A4}.Release|x64.Build.0 = Release|x64
		{4CD4D074-E563-49CE-99B9-1A1F39F372A4}.Release|x86.ActiveCfg = Release|Win32
		{4CD4D074-E563-49CE-99B9-1A1F39F372A4}.Release|x86.Build.0 = Release|Win32
		{1F21C8CF-DA4B-444A-980B-80FEC877B938}.Debug|x64.ActiveCfg = Debug|x64
		{1F21C8CF-DA4B-444A-980B-80FEC877B938}.Debug|x64.Build.0 = Debug|x64
		{1F21C8CF-DA4B-444A-980B-80FEC877B938}.Debug|x86.ActiveCfg = Debug|Win32
		{1F21C8CF-DA4B-444A-980B-80FEC877B938}.Debug|x86.Build.0 = Debug|Win32
		{1F21C8CF-DA4B-444A-980B-80FEC877B938}.Release|x64.ActiveCfg = Release|x64
		{1F21C8CF-DA4B-444A-980B-80FEC877B938}.Release|x64.Build.0 = Release|x64
		{1F21C8CF-DA4B-444A-980B-80FEC877B938}.Release|x86.ActiveCfg = Release|Win32
		{1F21C8CF-DA4B-444A-980B-80FEC877B938}.Release|x86.Build.0 = Release|Win32
		{4A3DC123-7D55-4BD1-819D-5FB201158B09}.Debug|x64.ActiveCfg = Debug|x64
		{4A3DC123-7D55-4BD1-819D-5FB201158B09}.Debug|x64.Build.0 = Debug|x64
		{4A3DC123-7D55-4BD1-819D-5FB201158B09}.Debug|x86.ActiveCfg = Debug|Win32
		{4A3DC123-7D55-4BD1-819D-5FB201158B09}.Debug|x86.Build.0 = Debug|Win32
		{4A3DC123-7D55-4BD1-819D-5FB201158B09}.Release|x64.ActiveCfg = Release|x64
		{4A3DC123-7D55-4BD1-819D-5FB201158B09}.Release|x64.Build.0 = Release|x64
		{4A3DC123-7D55-4BD1-819D-5FB201158B09}.Release|x86.ActiveCfg = Release|Win32
		{4A3DC123-7D55-4BD1-819D-5FB201158B09}.Release|x86.Build.0 = Release|Win32
		{ACE42B17-2F2E-4F0A-8865-7FA3801D26D5}.Debug|x64.ActiveCfg = Debug|x64
		{ACE42B17-2F2E-4F0A-8865-7FA3801D26D5}.Debug|x64.Build.0 = Debug|x64
		{ACE42B17-2F2E-4F0A-8865-7FA3801D26D5}.Debug|x86.ActiveCfg = Debug|Win32
		{ACE42B17-2F2E-4F0A-8865-7FA3801D26D5}.Debug|x86.Build.0 = Debug|Win32
		{ACE42B17-2F2E-4F0A-8865-7FA3801D26D5}.Release|x64.ActiveCfg = Release|x64
		{ACE42B17-2F2E-4F0A-8865-7FA3801D26D5}.Release|x64.Build.0 = Release|x64
		{ACE42B17-2F2E-4F0A-8865-7FA3801D26D5}.Release|x86.ActiveCfg = Release|Win32
		{ACE42B17-2F2E-4F0A-8865-7FA3801D26D5}.Release|x86.Build.0 = Release|Win32
		{AA32D60B-6453-496F-A9FE-EB2230F86E6B}.Debug|x64.ActiveCfg = Debug|x64
		{AA32D60B-6453-496F-A9FE-EB2230F86E6B}.Debug|x64.Build.0 = Debug|x64
		{AA32D60B-6453-496F-A9FE-EB2230F86E6B}.Debug|x86.ActiveCfg = Debug|Win32
		{AA32D60B-6453-496F-A9FE-EB2230F86E6B}.Debug|x86.Build.0 = Debug|Win32
		{AA32D60B-6453-496F-A9FE-EB2230F86E6B}.Release|x64.ActiveCfg = Release|x64
		{AA32D60B-6453-496F-A9FE-EB2230F86E6B}.Release|x64.Build.0 = Release|x64
		{AA32D60B-6453-496F-A9FE-EB2230F86E6B}.Release|x86.ActiveCfg = Release|Win32
		{AA32D60B-6453-496F-A9FE-EB2230F86E6B}.Release|x86.Build.0 = Release|Win32
		{2903F9C6-AB58-4700-9C38-82DF5B1817F9}.Debug|x64.ActiveCfg = Debug|x64
		{2903F9C6-AB58-4700-9C38-82DF5B1817F9}.Debug|x64.Build.0 = Debug|x64
		{2903F9C6-AB58-4700-9C38-82DF5B1817F9}.Debug|x86.ActiveCfg = Debug|Win32
		{2903F9C6-AB58-4700-9C38-82DF5B1817F9}.Debug|x86.Build.0 = Debug|Win32
		{2903F9C6-AB58-4700-9C38-82DF5B1817F9}.Release|x64.ActiveCfg = Release|x64
		{2903F9C6-AB58-4700-9C38-82DF5B1817F9}.Release|x64.Build.0 = Release|x64
		{2903F9C6-AB58-4700-9C38-82DF5B1817F9}.Release|x86.ActiveCfg = Release|Win32
		{2903F9C6-AB58-4700-9C38-82DF5B1817F9}.Release|x86.Build.0 = Release|Win32
		{4826804B-0154-40B4-B982-7E9F500FB2E3}.Debug|x64.ActiveCfg = Debug|x64
		{4826804B-0154-40B4-B982-7E9F500FB2E3}.Debug|x64.Build.0 = Debug|x64
		{4826804B-0154-40B4-B982-7E9F500FB2E3}.Debug|x86.ActiveCfg = Debug|Win32
		{4826804B-0154-40B4-B982-7E9F500FB2E3}.Debug|x86.Build.0 = Debug|Win32
		{4826804B-0154-40B4-B982-7E9F500FB2E3}.Release|x64.ActiveCfg = Release|x64
		{4826804B-0154-40B4-B982-7E9F500FB2E3}.Release|x64.Build.0 = Release|x64
		{4826804B-0154-40B4-B982-7E9F500FB2E3}.Release|x86.ActiveCfg = Release|Win32
		{4826804B-0154-40B4-B982-7E9F500FB2E3}.Release|x86.Build.0 = Release|Win32
		{07A51B1B-5FCA-474D-93EB-AFCDEDD9DE16}.Debug|x64.ActiveCfg = Debug|x64
		{07A51B1B-5FCA-474D-93EB-AFCDEDD9DE16}.Debug|x64.Build.0 = Debug|x64
		{07A51B1B-5FCA-474D-93EB-AFCDEDD9DE16}.Debug|x86.ActiveCfg = Debug|Win32
		{07A51B1B-5FCA-474D-93EB-AFCDEDD9DE16}.Debug|x86.Build.0 = Debug|Win32
		{07A51B1B-5FCA-474D-93EB-AFCDEDD9DE16}.Release|x64.ActiveCfg = Release|x64
		{07A51B1B-5FCA-474D-93EB-AFCDEDD9DE16}.Release|x64.Build.0 = Release|x64
		{07A51B1B-5FCA-474D-93EB-AFCDEDD9DE16}.Release|x86.ActiveCfg = Release|Win32
		{07A51B1B-5FCA-474D-93EB-AFCDEDD9DE16}.Release|x86.Build.0 = Release|Win32
		{56C39FB0-176F-4E1E-AD8C-F6EACCDA601B}.Debug|x64.ActiveCfg = Debug|x64
		{56C39FB0-176F-4E1E-AD8C-F6EACCDA601B}.Debug|x64.Build.0 = Debug|x64
		{56C39FB0-176F-4E1E-AD8C-F6EACCDA601B}.Debug|x86.ActiveCfg = Debug|Win32
		{56C39FB0-176F-4E1E-AD8C-F6EACCDA601B}.Debug|x86.Build.0 = Debug|Win32
		{56C39FB0-176F-4E1E-AD8C-F6EACCDA601B}.Release|x64.ActiveCfg = Release|x64
		{56C39FB0-176F-4E1E-AD8C-F6EACCDA601B}.Release|x64.Build.0 = Release|x64
		{56C39FB0-176F-4E1E-AD8C-F6EACCDA601B}.Release|x86.ActiveCfg = Release|Win32
		{56C39FB0-176F-4E1E-AD8C-F6EACCDA601B}.Release|x86.Build.0 = Release|Win32
		{7A95DA55-405A-43C3-AE40-CB4F1EB50BF6}.Debug|x64.ActiveCfg = Debug|x64
		{7A95DA55-405A-43C3-AE40-CB4F1EB50BF6}.Debug|x64.Build.0 = Debug|x64
		{7A95DA55-405A-43C3-AE40-CB4F1EB50BF6}.Debug|x86.ActiveCfg = Debug|Win32
		{7A95DA55-405A-43C3-AE40-CB4F1EB50BF6}.Debug|x86.Build.0 = Debug|Win32
		{7A95DA55-405A-43C3-AE40-CB4F1EB50BF6}.Release|x64.ActiveCfg = Release|x64
		{7A95DA55-405A-43C3-AE40-CB4F1EB50BF6}.Release|x64.Build.0 = Release|x64
		{7A95DA55-405A-43C3-AE40-CB4F1EB50BF6}.Release|x86.ActiveCfg = Release|Win32
		{7A95DA55-405A-43C3-AE40-CB4F1EB50BF6}.Release|x86.Build.0 = Release|Win32
		{16709CF9-F261-4CBC-9D64-04C8A7FE130F}.Debug|x64.ActiveCfg = Debug|x64
		{16709CF9-F261-4CBC-9D64-04C8A7FE130F}.Debug|x64.Build.0 = Debug|x64
		{16709CF9-F261-4CBC-9D64-04C8A7FE130F}.Debug|x86.ActiveCfg = Debug|Win32
		{16709CF9-F261-4CBC-9D64-04C8A7FE130F}.Debug|x86.Build.0 = Debug|Win32
		{16709CF9-F261-4CBC-9D64-04C8A7FE130F}.Release|x64.ActiveCfg = Release|x64
		{16709CF9-F261-4CBC-9D64-04C8A7FE130F}.Release|x64.Build.0 = Release|x64
		{16709CF9-F261-4CBC-9D64-04C8A7FE130F}.Release|x86.ActiveCfg = Release|Win32
		{16709CF9-F261-4CBC-9D64-04C8A7FE130F}.Release|x86.Build.0 = Release|Win32
		{3AB351CD-E5CC-4C8C-AFC1-2293287B3E66}.Debug|x64.ActiveCfg = Debug|x64
		{3AB351CD-E5CC-4C8C-AFC1-2293287B3E66}.Debug|x64.Build.0 = Debug|x64
		{3AB351CD-E5CC-4C8C-AFC1-2293287B3E66}.Debug|x86.ActiveCfg = Debug|Win32
		{3AB351CD-E5CC-4C8C-AFC1-2293287B3E66}.Debug|x86.Build.0 = Debug|Win32
		{3AB351CD-E5CC-4C8C-AFC1-2293287B3E66}.Release|x64.ActiveCfg = Release|x64
		{3AB351CD-E5CC-4C8C-AFC1-2293287B3E66}.Release|x64.Build.0 = Release|x64
		{3AB351CD-E5CC-4C8C-AFC1-2293287B3E66}.Release|x86.ActiveCfg = Release|Win32
		{3AB351CD-E5CC-4C8C-AFC1-2293287B3E66}.Release|x86.Build.0 = Release|Win32
		{C61ED172-08E7-4692-AFD7-66074535689E}.Debug|x64.ActiveCfg = Debug|x64
		{C61ED172-08E7-4692-AFD7-66074535689E}.Debug|x64.Build.0 = Debug|x64
		{C61ED172-08E7-4692-AFD7-66074535689E}.Debug|x86.ActiveCfg = Debug|Win32
		{C61ED172-08E7-4692-AFD7-66074535689E}.Debug|x86.Build.0 = Debug|Win32
		{C61ED172-08E7-4692-AFD7-66074535689E}.Release|x64.ActiveCfg = Release|x64
		{C61ED172-08E7-4692-AFD7-66074535689E}.Release|x64.Build.0 = Release|x64
		{C61ED172-08E7-4692-AFD7-66074535689E}.Release|x86.ActiveCfg = Release|Win32
		{C61ED172-08E7-4692-AFD7-66074535689E}.Release|x86.Build.0 = Release|Win32
		{2A5AF492-1FB1-4158-8DFF-806B9EF6CC7C}.Debug|x64.ActiveCfg = Debug|x64
		{2A5AF492-1FB1-4158-8DFF-806B9EF6CC7C}.Debug|x64.Build.0 = Debug|x64
		{2A5AF492-1FB1-4158-8DFF-806B9EF6CC7C}.Debug|x86.ActiveCfg = Debug|Win32
		{2A5AF492-1FB1-4158-8DFF-806B9EF6CC7C}.Debug|x86.Build.0 = Debug|Win32
		{2A5AF492-1FB1-4158-8DFF-806B9EF6CC7C}.Release|x64.ActiveCfg = Release|x64
		{2A5AF492-1FB1-4158-8DFF-806B9EF6CC7C}.Release|x64.Build.0 = Release|x64
		{2A5AF492-1FB1-4158-8DFF-806B9EF6CC7C}.Release|x86.ActiveCfg = Release|Win32
		{2A5AF492-1FB1-4158-8DFF-806B9EF6CC7C}.Release|x86.Build.0 = Release|Win32
		{E87A3146-00EE-4EB7-BD6E-0247020FE20F}.Debug|x64.ActiveCfg = Debug|x64
		{E87A3146-00EE-4EB7-BD6E-0247020FE20F}.Debug|x64.Build.0 = Debug|x64
		{E87A3146-00EE-4EB7-BD6E-0247020FE20F}.Debug|x86.ActiveCfg = Debug|Win32
		{E87A3146-00EE-4EB7-BD6E-0247020FE20F}.Debug|x86.Build.0 = Debug|Win32
		{E87A3146-00EE-4EB7-BD6E-0247020FE20F}.Release|x64.ActiveCfg = Release|x64
		{E87A3146-00EE-4EB7-BD6E-0247020FE20F}.Release|x64.Build.0 = Release|x64
		{E87A3146-00EE-4EB7-BD6E-0247020FE20F}.Release|x86.ActiveCfg = Release|Win32
		{E87A3146-00EE-4EB7-BD6E-0247020FE20F}.Release|x86.Build.0 = Release|Win32
		{448A38EC-EDDA-4028-A386-D753C8869E0F}.Debug|x64.ActiveCfg = Debug|x64
		{448A38EC-EDDA-4028-A386-D753C8869E0F}.Debug|x64.Build.0 = Debug|x64
		{448A38EC-EDDA-4028-A386-D753C8869E0F}.Debug|x86.ActiveCfg = Debug|Win32
		{448A38EC-EDDA-4028-A386-D753C8869E0F}.Debug|x86.Build.0 = Debug|Win32
		{448A38EC-EDDA-4028-A386-D753C8869E0F}.Release|x64.ActiveCfg = Release|x64
		{448A38EC-EDDA-4028-A386-D753C8869E0F}.Release|x64.Build.0 = Release|x64
		{448A38EC-EDDA-4028-A386-D753C8869E0F}.Release|x86.ActiveCfg = Release|Win32
		{448A38EC-EDDA-4028-A386-D753C8869E0F}.Release|x86.Build.0 = Release|Win32
		{16EE69AB-3247-4BD0-9CCC-F2B9B74B9BC5}.Debug|x64.ActiveCfg = Debug|x64
		{16EE69AB-3247-4BD0-9CCC-F2B9B74B9BC5}.Debug|x64.Build.0 = Debug|x64
		{16EE69AB-3247-4BD0-9CCC-F2B9B74B9BC5}.Debug|x86.ActiveCfg = Debug|Win32
		{16EE69AB-3247-4BD0-9CCC-F2B9B74B9BC5}.Debug|x86.Build.0 = Debug|Win32
		{16EE69AB-3247-4BD0-9CCC-F2B9B74B9BC5}.Release|x64.ActiveCfg = Release|x64
		{16EE69AB-3247-4BD0-9CCC-F2B9B74B9BC5}.Release|x64.Build.0 = Release|x64
		{16EE69AB-3247-4BD0-9CCC-F2B9B74B9BC5}.Release|x86.ActiveCfg = Release|Win32
		{16EE69AB-3247-4BD0-9CCC-F2B9B74B9BC5}.Release|x86.Build.0 = Release|Win32
		{AC4DB7E9-0F6D-43C0-A172-63A56A716C61}.Debug|x64.ActiveCfg = Debug|x64
		{AC4DB7E9-0F6D-43C0-A172-63A56A716C61}.Debug|x64.Build.0 = Debug|x64
		{AC4DB7E9-0F6D-43C0-A172-63A56A716C61}.Debug|x86.ActiveCfg = Debug|Win32
		{AC4DB7E9-0F6D-43C0-A172-63A56A716C61}.Debug|x86.Build.0 = Debug|Win32
		{AC4DB7E9-0F6D-43C0-A172-63A56A716C61}.Release|x64.ActiveCfg = Release|x64
		{AC4DB7E9-0F6D-43C0-A172-63A56A716C61}.Release|x64.Build.0 = Release|x64
		{AC4DB7E9-0F6D-43C0-A172-63A56A716C61}.Release|x86.ActiveCfg = Release|Win32
		{AC4DB7E9-0F6D-43C0-A172-63A56A716C61}.Release|x86.Build.0 = Release|Win32
		{B37DA587-3D67-4539-84D7-FCA1C391D0C7}.Debug|x64.ActiveCfg = Debug|x64
		{B37DA587-3D67-4539-84D7-FCA1C391D0C7}.Debug|x64.Build.0 = Debug|x64
		{B37DA587-3D67-4539-84D7-FCA1C391D0C7}.Debug|x86.ActiveCfg = Debug|Win32
		{B37DA587-3D67-4539-84D7-FCA1C391D0C7}.Debug|x86.Build.0 = Debug|Win32
		{B37DA587-3D67-4539-84D7-FCA1C391D0C7}.Release|x64.ActiveCfg = Release|x64
		{B37DA587-3D67-4539-84D7-FCA1C391D0C7}.Release|x64.Build.0 = Release|x64
		{B37DA587-3D67-4539-84D7-FCA1C391D0C7}.Release|x86.ActiveCfg = Release|Win32
		{B37DA587-3D67-4539-84D7-FCA1C391D0C7}.Release|x86.Build.0 = Release|Win32
		{2CF8D104-614E-4A9B-A3D8-05F2321B206C}.Debug|x64.ActiveCfg = Debug|x64
		{2CF8D104-614E-4A9B-A3D8-05F2321B206C}.Debug|x64.Build.0 = Debug|x64
		{2CF8D104-614E-4A9B-A3D8-05F2321B206C}.Debug|x86.ActiveCfg = Debug|Win32
		{2CF8D104-614E-4A9B-A3D8-05F2321B206C}.Debug|x86.Build.0 = Debug|Win32
		{2CF8D104-614E-4A9B-A3D8-05F2321B206C}.Release|x64.ActiveCfg = Release|x64
		{2CF8D104-614E-4A9B-A3D8-05F2321B206C}.Release|x64.Build.0 = Release|x64
		{2CF8D104-614E-4A9B-A3D8-05F2321B206C}.Release|x86.ActiveCfg = Release|Win32
		{2CF8D104-614E-4A9B-A3D8-05F2321B206C}.Release|x86.Build.0 = Release|Win32
		{36CBB1CA-248A-4871-B713-586F24EB1593}.Debug|x64.ActiveCfg = Debug|x64
		{36CBB1CA-248A-4871-B713-586F24EB1593}.Debug|x64.Build.0 = Debug|x64
		{36CBB1CA-248A-4871-B713-586F24EB1593}.Debug|x86.ActiveCfg = Debug|Win32
		{36CBB1CA-248A-4871-B713-586F24EB1593}.Debug|x86.Build.0 = Debug|Win32
		{36CBB1CA-248A-4871-B713-586F24EB1593}.Release|x64.ActiveCfg = Release|x64
		{36CBB1CA-248A-4871-B713-586F24EB1593}.Release|x64.Build.0 = Release|x64
		{36CBB1CA-248A-4871-B713-586F24EB1593}.Release|x86.ActiveCfg = Release|Win32
		{36CBB1CA-248A-4871-B713-586F24EB1593}.Release|x86.Build.0 = Release|Win32
		{45166C2C-35EF-42CE-92A6-5AF8A8C6C04C}.Debug|x64.ActiveCfg = Debug|x64
		{45166C2C-35EF-42CE-92A6-5AF8A8C6C04C}.Debug|x64.Build.0 = Debug|x64
		{45166C2C-35EF-42CE-92A6-5AF8A8C6C04C}.Debug|x86.ActiveCfg = Debug|Win32
		{45166C2C-35EF-42CE-92A6-5AF8A8C6C04C}.Debug|x86.Build.0 = Debug|Win32
		{45166C2C-35EF-42CE-92A6-5AF8A8C6C04C}.Release|x64.ActiveCfg = Release|x64
		{45166C2C-35EF-42CE-92A6-5AF8A8C6C04C}.Release|x64.Build.0 = Release|x64
		{45166C2C-35EF-42CE-92A6-5AF8A8C6C04C}.Release|x86.ActiveCfg = Release|Win32
		{45166C2C-35EF-42CE-92A6-5AF8A8C6C04C}.Release|x86.Build.0 = Release|Win32
		{9B982352-2FE2-4B37-A58D-8F5065973F93}.Debug|x64.ActiveCfg = Debug|x64
		{9B982352-2FE2-4B37-A58D-8F5065973F93}.Debug|x64.Build.0 = Debug|x64
		{9B982352-2FE2-4B37-A58D-8F5065973F93}.Debug|x86.ActiveCfg = Debug|Win32
		{9B982352-2FE2-4B37-A58D-8F5065973F93}.Debug|x86.Build.0 = Debug|Win32
		{9B982352-2FE2-4B37-A58D-8F5065973F93}.Release|x64.ActiveCfg = Release|x64
		{9B982352-2FE2-4B37-A58D-8F5065973F93}.Release|x64.Build.0 = Release|x64
		{9B982352-2FE2-4B37-A58D-8F5065973F93}.Release|x86.ActiveCfg = Release|Win32
		{9B982352-2FE2-4B37-A58D-8F5065973F93}.Release|x86.Build.0 = Release|Win32
		{E4008CE6-AAF2-4B20-B2E2-CE2211E52B13}.Debug|x64.ActiveCfg = Debug|x64
		{E4008CE6-AAF2-4B20-B2E2-CE2211E52B13}.Debug|x64.Build.0 = Debug|x64
		{E4008CE6-AAF2-4B20-B2E2-CE2211E52B13}.Debug|x86.ActiveCfg = Debug|Win32
		{E4008CE6-AAF2-4B20-B2E2-CE2211E52B13}.Debug|x86.Build.0 = Debug|Win32
		{E4008CE6-AAF2-4B20-B2E2-CE2211E52B13}.Release|x64.ActiveCfg = Release|x64
		{E4008CE6-AAF2-4B20-B2E2-CE2211E52B13}.Release|x64.Build.0 = Release|x64
		{E4008CE6-AAF2-4B20-B2E2-CE2211E52B13}.Release|x86.ActiveCfg = Release|Win32
		{E4008CE6-AAF2-4B20-B2E2-CE2211E52B13}.Release|x86.Build.0 = Release|Win32
		{A3C8D070-722C-42C0-AAB2-9B4C2C225327}.Debug|x64.ActiveCfg = Debug|x64
		{A3C8D070-722C-42C0-AAB2-9B4C2C225327}.Debug|x64.Build.0 = Debug|x64
		{A3C8D070-722C-42C0-AAB2-9B4C2C225327}.Debug|x86.ActiveCfg = Debug|Win32
		{A3C8D070-722C-42C0-AAB2-9B4C2C225327}.Debug|x86.Build.0 = Debug|Win32
		{A3C8D070-722C-42C0-AAB2-9B4C2C225327}.Release|x64.ActiveCfg = Release|x64
		{A3C8D070-722C-42C0-AAB2-9B4C2C225327}.Release|x64.Build.0 = Release|x64
		{A3C8D070-722C-42C0-AAB2-9B4C2C225327}.Release|x86.ActiveCfg = Release|Win32
		{A3C8D070-722C-42C0-AAB2-9B4C2C225327}.Release|x86.Build.0 = Release|Win32
		{7C915985-6B1B-4D1F-9105-44D29F4E4F7A}.Debug|x64.ActiveCfg = Debug|x64
		{7C915985-6B1B-4D1F-9105-44D29F4E4F7A}.Debug|x64.Build.0 = Debug|x64
		{7C915985-6B1B-4D1F-9105-44D29F4E4F7A}.Debug|x86.ActiveCfg = Debug|Win32
		{7C915985-6B1B-4D1F-9105-44D29F4E4F7A}.Debug|x86.Build.0 = Debug|Win32
		{7C915985-6B1B-4D1F-9105-44D29F4E4F7A}.Release|x64.ActiveCfg = Release|x64
		{7C915985-6B1B-4D1F-9105-44D29F4E4F7A}.Release|x64.Build.0 = Release|x64
		{7C915985-6B1B-4D1F-9105-44D29F4E4F7A}.Release|x86.ActiveCfg = Release|Win32
		{7C915985-6B1B-4D1F-9105-44D29F4E4F7A}.Release|x86.Build.0 = Release|Win32
		{AC47DAFB-E06E-4649-8211-D95CFA92CA77}.Debug|x64.ActiveCfg = Debug|x64
		{AC47DAFB-E06E-4649-8211-D95CFA92CA77}.Debug|x64.Build.0 = Debug|x64
		{AC47DAFB-E06E-4649-8211-D95CFA92CA77}.Debug|x86.ActiveCfg = Debug|Win32
		{AC47DAFB-E06E-4649-8211-D95CFA92CA77}.Debug|x86.Build.0 = Debug|Win32
		{AC47DAFB-E06E-4649-8211-D95CFA92CA77}.Release|x64.ActiveCfg = Release|x64
		{AC47DAFB-E06E-4649-8211-D95CFA92CA77}.Release|x64.Build.0 = Release|x64
		{AC47DAFB-E06E-4649-8211-D95CFA92CA77}.Release|x86.ActiveCfg = Release|Win32
		{AC47DAFB-E06E-4649-8211-D95CFA92CA77}.Release|x86.Build.0 = Release|Win32
		{91756C4B-3594-435D-8349-C7A528A1345D}.Debug|x64.ActiveCfg = Debug|x64
		{91756C4B-3594-435D-8349-C7A528A1345D}.Debug|x64.Build.0 = Debug|x64
		{91756C4B-3594-435D-8349-C7A528A1345D}.Debug|x86.ActiveCfg = Debug|Win32
		{91756C4B-3594-435D-8349-C7A528A1345D}.Debug|x86.Build.0 = Debug|Win32
		{91756C4B-3594-435D-8349-C7A528A1345D}.Release|x64.ActiveCfg = Release|x64
		{91756C4B-3594-435D-8349-C7A528A1345D}.Release|x64.Build.0 = Release|x64
		{91756C4B-3594-435D-8349-C7A528A1345D}.Release|x86.ActiveCfg = Release|Win32
		{91756C4B-3594-435D-8349-C7A528A1345D}.Release|x86.Build.0 = Release|Win32
		{F3210D4F-2241-4DF1-8E7C-41F71BF5D6AE}.Debug|x64.ActiveCfg = Debug|x64
		{F3210D4F-2241-4DF1-8E7C-41F71BF5D6AE}.Debug|x64.Build.0 = Debug|x64
		{F3210D4F-2241-4DF1-8E7C-41F71BF5D6AE}.Debug|x86.ActiveCfg = Debug|Win32
		{F3210D4F-2241-4DF1-8E7C-41F71BF5D6AE}.Debug|x86.Build.0 = Debug|Win32
		{F3210D4F-2241-4DF1-8E7C-41F71BF5D6AE}.Release|x64.ActiveCfg = Release|x64
		{F3210D4F-2241-4DF1-8E7C-41F71BF5D6AE}.Release|x64.Build.0 = Release|x64
		{F3210D4F-2241-4DF1-8E7C-41F71BF5D6AE}.Release|x86.ActiveCfg = Release|Win32
		{F3210D4F-2241-4DF1-8E7C-41F71BF5D6AE}.Release|x86.Build.0 = Release|Win32
		{1AE01BE6-81AD-4008-8399-A275EF9DDEA5}.Debug|x64.ActiveCfg = Debug|x64
		{1AE01BE6-81AD-4008-8399-A275EF9DDEA5}.Debug|x64.Build.0 = Debug|x64
		{1AE01BE6-81AD-4008-8399-A275EF9DDEA5}.Debug|x86.ActiveCfg = Debug|Win32
		{1AE01BE6-81AD-4008-8399-A275EF9DDEA5}.Debug|x86.Build.0 = Debug|Win32
		{1AE01BE6-81AD-4008-8399-A275EF9DDEA5}.Release|x64.ActiveCfg = Release|x64
		{1AE01BE6-81AD-4008-8399-A275EF9DDEA5}.Release|x64.Build.0 = Release|x64
		{1AE01BE6-81AD-4008-8399-A275EF9DDEA5}.Release|x86.ActiveCfg = Release|Win32
		{1AE01BE6-81AD-4008-8399-A275EF9DDEA5}.Release|x86.Build.0 = Release|Win32
		{998CFC52-672C-4004-A6C4-50D383D62E45}.Debug|x64.ActiveCfg = Debug|x64
		{998CFC52-672C-4004-A6C4-50D383D62E45}.Debug|x64.Build.0 = Debug|x64
		{998CFC52-672C-4004-A6C4-50D383D62E45}.Debug|x86.ActiveCfg = Debug|Win32
		{998CFC52-672C-4004-A6C4-50D383D62E45}.Debug|x86.Build.0 = Debug|Win32
		{998CFC52-672C-4004-A6C4-50D383D62E45}.Release|x64.ActiveCfg = Release|x64
		{998CFC52-672C-4004-A6C4-50D383D62E45}.Release|x64.Build.0 = Release|x64
		{998CFC52-672C-4004-A6C4-50D383D62E45}.Release|x86.ActiveCfg = Release|Win32
		{998CFC52-672C-4004-A6C4-50D383D62E45}.Release|x86.Build.0 = Release|Win32
		{F80AAA47-641E-4774-B5BA-A7C632FE3741}.Debug|x64.ActiveCfg = Debug|x64
		{F80AAA47-641E-4774-B5BA-A7C632FE3741}.Debug|x64.Build.0 = Debug|x64
		{F80AAA47-641E-4774-B5BA-A7C632FE3741}.Debug|x86.ActiveCfg = Debug|Win32
		{F80AAA47-641E-4774-B5BA-A7C632FE3741}.Debug|x86.Build.0 = Debug|Win32
		{F80AAA47-641E-4774-B5BA-A7C632FE3741}.Release|x64.ActiveCfg = Release|x64
		{F80AAA47-641E-4774-B5BA-A7C632FE3741}.Release|x64.Build.0 = Release|x64
		{F80AAA47-641E-4774-B5BA-A7C632FE3741}.Release|x86.ActiveCfg = Release|Win32
		{F80AAA47-641E-4774-B5BA-A7C632FE3741}.Release|x86.Build.0 = Release|Win32
		{F9309310-2953-4573-85CD-F82D71D5CB1F}.Debug|x64.ActiveCfg = Debug|x64
		{F9309310-2953-4573-85CD-F82D71D5CB1F}.Debug|x64.Build.0 = Debug|x64
		{F9309310-2953-4573-85CD-F82D71D5CB1F}.Debug|x86.ActiveCfg = Debug|Win32
		{F9309310-2953-4573-85CD-F82D71D5CB1F}.Debug|x86.Build.0 = Debug|Win32
		{F9309310-2953-4573-85CD-F82D71D5CB1F}.Release|x64.ActiveCfg = Release|x64
		{F9309310-2953-4573-85CD-F82D71D5CB1F}.Release|x64.Build.0 = Release|x64
		{F9309310-2953-4573-85CD-F82D71D5CB1F}.Release|x86.ActiveCfg = Release|Win32
		{F9309310-2953-4573-85CD-F82D71D5CB1F}.Release|x86.Build.0 = Release|Win32
		{123280F4-64D4-48BB-95EA-509D4BB4410E}.Debug|x64.ActiveCfg = Debug|x64
		{123280F4-64D4-48BB-95EA-509D4BB4410E}.Debug|x64.Build.0 = Debug|x64
		{123280F4-64D4-48BB-95EA-509D4BB4410E}.Debug|x86.ActiveCfg = Debug|Win32
		{123280F4-64D4-48BB-95EA-509D4BB4410E}.Debug|x86.Build.0 = Debug|Win32
		{123280F4-64D4-48BB-95EA-509D4BB4410E}.Release|x64.ActiveCfg = Release|x64
		{123280F4-64D4-48BB-95EA-509D4BB4410E}.Release|x64.Build.0 = Release|x64
		{123280F4-64D4-48BB-95EA-509D4BB4410E}.Release|x86.ActiveCfg = Release|Win32
		{123280F4-64D4-48BB-95EA-509D4BB4410E}.Release|x86.Build.0 = Release|Win32
		{A119D1E6-60E8-4A14-A4D6-65CFE66BDB96}.Debug|x64.ActiveCfg = Debug|x64
		{A119D1E6-60E8-4A14-A4D6-65CFE66BDB96}.Debug|x64.Build.0 = Debug|x64
		{A119D1E6-60E8-4A14-A4D6-65CFE66BDB96}.Debug|x86.ActiveCfg = Debug|Win32
		{A119D1E6-60E8-4A14-A4D6-65CFE66BDB96}.Debug|x86.Build.0 = Debug|Win32
		{A119D1E6-60E8-4A14-A4D6-65CFE66BDB96}.Release|x64.ActiveCfg = Release|x64
		{A119D1E6-60E8-4A14-A4D6-65CFE66BDB96}.Release|x64.Build.0 = Release|x64
		{A119D1E6-60E8-4A14-A4D6-65CFE66BDB96}.Release|x86.ActiveCfg = Release|Win32
		{A119D1E6-60E8-4A14-A4D6-65CFE66BDB96}.Release|x86.Build.0 = Release|Win32
		{38162DA4-7992-481C-B658-29E3C2281F84}.Debug|x64.ActiveCfg = Debug|x64
		{38162DA4-7992-481C-B658-29E3C2281F84}.Debug|x64.Build.0 = Debug|x64
		{38162DA4-7992-481C-B658-29E3C2281F84}.Debug|x86.ActiveCfg = Debug|Win32
		{38162DA4-7992-481C-B658-29E3C2281F84}.Debug|x86.Build.0 = Debug|Win32
		{38162DA4-7992-481C-B658-29E3C2281F84}.Release|x64.ActiveCfg = Release|x64
		{38162DA4-7992-481C-B658-29E3C2281F84}.Release|x64.Build.0 = Release|x64
		{38162DA4-7992-481C-B658-29E3C2281F84}.Release|x86.ActiveCfg = Release|Win32
		{38162DA4-7992-481C-B658-29E3C2281F84}.Release|x86.Build.0 = Release|Win32
		{F91B527F-F69E-4FF9-90FB-E025567F3168}.Debug|x64.ActiveCfg = Debug|x64
		{F91B527F-F69E-4FF9-90FB-E025567F3168}.Debug|x64.Build.0 = Debug|x64
		{F91B527F-F69E-4FF9-90FB-E025567F3168}.Debug|x86.ActiveCfg = Debug|Win32
		{F91B527F-F69E-4FF9-90FB-E025567F3168}.Debug|x86.Build.0 = Debug|Win32
		{F91B527F-F69E-4FF9-90FB-E025567F3168}.Release|x64.ActiveCfg = Release|x64
		{F91B527F-F69E-4FF9-90FB-E025567F3168}.Release|x64.Build.0 = Release|x64
		{F91B527F-F69E-4FF9-90FB-E025567F3168}.Release|x86.ActiveCfg = Release|Win32
		{F91B527F-F69E-4FF9-90FB-E025567F3168}.Release|x86.Build.0 = Release|Win32
		{E6B7A4C4-B14A-4236-B746-5383A16F92B8}.Debug|x64.ActiveCfg = Debug|x64
		{E6B7A4C4-B14A-4236-B746-5383A16F92B8}.Debug|x64.Build.0 = Debug|x64
		{E6B7A4C4-B14A-4236-B746-5383A16F92B8}.Debug|x86.ActiveCfg = Debug|Win32
		{E6B7A4C4-B14A-4236-B746-5383A16F92B8}.Debug|x86.Build.0 = Debug|Win32
		{E6B7A4C4-B14A-4236-B746-5383A16F92B8}.Release|x64.ActiveCfg = Release|x64
		{E6B7A4C4-B14A-4236-B746-5383A16F92B8}.Release|x64.Build.0 = Release|x64
		{E6B7A4C4-B14A-4236-B746-5383A16F92B8}.Release|x86.ActiveCfg = Release|Win32
		{E6B7A4C4-B14A-4236-B746-5383A16F92B8}.Release|x86.Build.0 = Release|Win32
		{D29AF0A3-E0C3-4561-BFA6-DFE22F7C6151}.Debug|x64.ActiveCfg = Debug|x64
		{D29AF0A3-E0C3-4561-BFA6-DFE22F7C6151}.Debug|x64.Build.0 = Debug|x64
		{D29AF0A3-E0C3-4561-BFA6-DFE22F7C6151}.Debug|x86.ActiveCfg = Debug|Win32
		{D29AF0A3-E0C3-4561-BFA6-DFE22F7C6151}.Debug|x86.Build.0 = Debug|Win32
		{D29AF0A3-E0C3-4561-BFA6-DFE22F7C6151}.Release|x64.ActiveCfg = Release|x64
		{D29AF0A3-E0C3-4561-BFA6-DFE22F7C6151}.Release|x64.Build.0 = Release|x64
		{D29AF0A3-E0C3-4561-BFA6-DFE22F7C6151}.Release|x86.ActiveCfg = Release|Win32
		{D29AF0A3-E0C3-4561-BFA6-DFE22F7C6151}.Release|x86.Build.0 = Release|Win32
		{E48EC5D5-FC5C-404A-8A3B-73DB83F2A9E4}.Debug|x64.ActiveCfg = Debug|x64
		{E48EC5D5-FC5C-404A-8A3B-73DB83F2A9E4}.Debug|x64.Build.0 = Debug|x64
		{E48EC5D5-FC5C-404A-8A3B-73DB83F2A9E4}.Debug|x86.ActiveCfg = Debug|Win32
		{E48EC5D5-FC5C-404A-8A3B-73DB83F2A9E4}.Debug|x86.Build.0 = Debug|Win32
		{E48EC5D5-FC5C-404A-8A3B-73DB83F2A9E4}.Release|x64.ActiveCfg = Release|x64
		{E48EC5D5-FC5C-404A-8A3B-73DB83F2A9E4}.Release|x64.Build.0 = Release|x64
		{E48EC5D5-FC5C-404A-8A3B-73DB83F2A9E4}.Release|x86.ActiveCfg = Release|Win32
		{E48EC5D5-FC5C-404A-8A3B-73DB83F2A9E4}.Release|x86.Build.0 = Release|Win32
		{7A2BBEF5-7F15-45E4-899C-A046612CD186}.Debug|x64.ActiveCfg = Debug|x64
		{7A2BBEF5-7F15-45E4-899C-A046612CD186}.Debug|x64.Build.0 = Debug|x64
		{7A2BBEF5-7F15-45E4-899C-A046612CD186}.Debug|x86.ActiveCfg = Debug|Win32
		{7A2BBEF5-7F15-45E4-899C-A046612CD186}.Debug|x86.Build.0 = Debug|Win32
		{7A2BBEF5-7F15-45E4-899C-A046612CD186}.Release|x64.ActiveCfg = Release|x64
		{7A2BBEF5-7F15-45E4-899C-A046612CD186}.Release|x64.Build.0 = Release|x64
		{7A2BBEF5-7F15-45E4-899C-A046612CD186}.Release|x86.ActiveCfg = Release|Win32
		{7A2BBEF5-7F15-45E4-899C-A046612CD186}.Release|x86.Build.0 = Release|Win32
	EndGlobalSection
	GlobalSection(SolutionProperties) = preSolution
		HideSolutionNode = FALSE
	EndGlobalSection
	GlobalSection(NestedProjects) = preSolution
		{DA51A6E0-57A4-415C-B544-ECD7F2634C6C} = {4C9EF0A3-20E5-456E-9D61-0D6AAAD3F166}
		{83E61BF4-1487-4C2D-BCAB-04BE548293C8} = {4C9EF0A3-20E5-456E-9D61-0D6AAAD3F166}
		{446EF012-321F-4179-811E-A7E50E4485D5} = {4C9EF0A3-20E5-456E-9D61-0D6AAAD3F166}
		{3E4AC948-F4C2-4CEF-89B4-786EF33E222D} = {446EF012-321F-4179-811E-A7E50E4485D5}
		{B358A6D4-ADA5-4890-A726-B8F98010EFDA} = {446EF012-321F-4179-811E-A7E50E4485D5}
		{76876E8E-A261-4957-A3CE-0460CA39DB18} = {446EF012-321F-4179-811E-A7E50E4485D5}
		{AD003EB5-5B2A-498B-87FC-DDD9D58C0587} = {83E61BF4-1487-4C2D-BCAB-04BE548293C8}
		{8027290A-7546-4F24-BE9A-8152CCA5ED35} = {83E61BF4-1487-4C2D-BCAB-04BE548293C8}
		{85FE242A-4225-4621-B932-758B66229998} = {83E61BF4-1487-4C2D-BCAB-04BE548293C8}
		{E37817C3-2A8E-4CCF-9A99-9E326E6F3C4A} = {83E61BF4-1487-4C2D-BCAB-04BE548293C8}
		{BEBA502B-435F-4BE8-882A-0F61AC276F2A} = {83E61BF4-1487-4C2D-BCAB-04BE548293C8}
		{77F4C148-1040-4C1B-AD84-45DFC2A64DEA} = {83E61BF4-1487-4C2D-BCAB-04BE548293C8}
		{C5BD1844-8B1B-49EB-A307-EC8059A85C19} = {83E61BF4-1487-4C2D-BCAB-04BE548293C8}
		{AAB7CC6B-0564-4F42-8F74-24EF3F1B6E34} = {83E61BF4-1487-4C2D-BCAB-04BE548293C8}
		{15D99187-DB84-471A-9766-99F4DAEB7CB9} = {DA51A6E0-57A4-415C-B544-ECD7F2634C6C}
		{A3707FB5-8E05-4C01-89AE-B9D753F31E57} = {DA51A6E0-57A4-415C-B544-ECD7F2634C6C}
		{FE290502-91CB-40C4-A27D-0A075A421A4B} = {446EF012-321F-4179-811E-A7E50E4485D5}
		{B10C750A-4664-4A7E-9E19-6637117B0280} = {FE290502-91CB-40C4-A27D-0A075A421A4B}
		{1DD20640-C9C7-450B-AF39-B356EFCD83F9} = {FE290502-91CB-40C4-A27D-0A075A421A4B}
		{B72094BD-2386-4F47-A95F-4E190DD7CF18} = {FE290502-91CB-40C4-A27D-0A075A421A4B}
		{5F79831D-52F0-42A1-A7F4-95F5433FDB64} = {15D99187-DB84-471A-9766-99F4DAEB7CB9}
		{391BDAA1-8360-4A91-AD80-6E512CC4BDCE} = {15D99187-DB84-471A-9766-99F4DAEB7CB9}
		{4CD4D074-E563-49CE-99B9-1A1F39F372A4} = {15D99187-DB84-471A-9766-99F4DAEB7CB9}
		{1F21C8CF-DA4B-444A-980B-80FEC877B938} = {15D99187-DB84-471A-9766-99F4DAEB7CB9}
		{4A3DC123-7D55-4BD1-819D-5FB201158B09} = {15D99187-DB84-471A-9766-99F4DAEB7CB9}
		{ACE42B17-2F2E-4F0A-8865-7FA3801D26D5} = {15D99187-DB84-471A-9766-99F4DAEB7CB9}
		{AA32D60B-6453-496F-A9FE-EB2230F86E6B} = {15D99187-DB84-471A-9766-99F4DAEB7CB9}
		{2903F9C6-AB58-4700-9C38-82DF5B1817F9} = {A3707FB5-8E05-4C01-89AE-B9D753F31E57}
		{4826804B-0154-40B4-B982-7E9F500FB2E3} = {A3707FB5-8E05-4C01-89AE-B9D753F31E57}
		{07A51B1B-5FCA-474D-93EB-AFCDEDD9DE16} = {A3707FB5-8E05-4C01-89AE-B9D753F31E57}
		{56C39FB0-176F-4E1E-AD8C-F6EACCDA601B} = {A3707FB5-8E05-4C01-89AE-B9D753F31E57}
		{7A95DA55-405A-43C3-AE40-CB4F1EB50BF6} = {A3707FB5-8E05-4C01-89AE-B9D753F31E57}
		{16709CF9-F261-4CBC-9D64-04C8A7FE130F} = {A3707FB5-8E05-4C01-89AE-B9D753F31E57}
		{4EC9F4C8-4DB9-4024-A937-12E387EF574C} = {FF273E56-8062-49AE-AE35-97A071D2C649}
		{D5C91612-3DEA-4F27-902E-C56E779A7E78} = {FF273E56-8062-49AE-AE35-97A071D2C649}
		{9A32190D-6033-4F4E-ADA9-370DA734EFD5} = {FF273E56-8062-49AE-AE35-97A071D2C649}
		{51EE7E8A-1EBA-4E60-BCD9-95A1BD22288E} = {9A32190D-6033-4F4E-ADA9-370DA734EFD5}
		{670DC5C9-3EC1-4948-A55D-89835282FEA5} = {9A32190D-6033-4F4E-ADA9-370DA734EFD5}
		{3AB351CD-E5CC-4C8C-AFC1-2293287B3E66} = {D5C91612-3DEA-4F27-902E-C56E779A7E78}
		{C61ED172-08E7-4692-AFD7-66074535689E} = {D5C91612-3DEA-4F27-902E-C56E779A7E78}
		{B329AC6B-7966-43C2-B9F3-FAD1F021943E} = {4EC9F4C8-4DB9-4024-A937-12E387EF574C}
		{2A5AF492-1FB1-4158-8DFF-806B9EF6CC7C} = {4EC9F4C8-4DB9-4024-A937-12E387EF574C}
		{E87A3146-00EE-4EB7-BD6E-0247020FE20F} = {B329AC6B-7966-43C2-B9F3-FAD1F021943E}
		{448A38EC-EDDA-4028-A386-D753C8869E0F} = {B329AC6B-7966-43C2-B9F3-FAD1F021943E}
		{16EE69AB-3247-4BD0-9CCC-F2B9B74B9BC5} = {B329AC6B-7966-43C2-B9F3-FAD1F021943E}
		{AC4DB7E9-0F6D-43C0-A172-63A56A716C61} = {B329AC6B-7966-43C2-B9F3-FAD1F021943E}
		{B37DA587-3D67-4539-84D7-FCA1C391D0C7} = {51EE7E8A-1EBA-4E60-BCD9-95A1BD22288E}
		{2CF8D104-614E-4A9B-A3D8-05F2321B206C} = {51EE7E8A-1EBA-4E60-BCD9-95A1BD22288E}
		{36CBB1CA-248A-4871-B713-586F24EB1593} = {51EE7E8A-1EBA-4E60-BCD9-95A1BD22288E}
		{45166C2C-35EF-42CE-92A6-5AF8A8C6C04C} = {51EE7E8A-1EBA-4E60-BCD9-95A1BD22288E}
		{9B982352-2FE2-4B37-A58D-8F5065973F93} = {51EE7E8A-1EBA-4E60-BCD9-95A1BD22288E}
		{E4008CE6-AAF2-4B20-B2E2-CE2211E52B13} = {51EE7E8A-1EBA-4E60-BCD9-95A1BD22288E}
		{A3C8D070-722C-42C0-AAB2-9B4C2C225327} = {51EE7E8A-1EBA-4E60-BCD9-95A1BD22288E}
		{7C915985-6B1B-4D1F-9105-44D29F4E4F7A} = {51EE7E8A-1EBA-4E60-BCD9-95A1BD22288E}
		{AC47DAFB-E06E-4649-8211-D95CFA92CA77} = {51EE7E8A-1EBA-4E60-BCD9-95A1BD22288E}
		{91756C4B-3594-435D-8349-C7A528A1345D} = {51EE7E8A-1EBA-4E60-BCD9-95A1BD22288E}
		{F3210D4F-2241-4DF1-8E7C-41F71BF5D6AE} = {51EE7E8A-1EBA-4E60-BCD9-95A1BD22288E}
		{1AE01BE6-81AD-4008-8399-A275EF9DDEA5} = {51EE7E8A-1EBA-4E60-BCD9-95A1BD22288E}
		{998CFC52-672C-4004-A6C4-50D383D62E45} = {51EE7E8A-1EBA-4E60-BCD9-95A1BD22288E}
		{F80AAA47-641E-4774-B5BA-A7C632FE3741} = {670DC5C9-3EC1-4948-A55D-89835282FEA5}
		{F9309310-2953-4573-85CD-F82D71D5CB1F} = {670DC5C9-3EC1-4948-A55D-89835282FEA5}
		{123280F4-64D4-48BB-95EA-509D4BB4410E} = {670DC5C9-3EC1-4948-A55D-89835282FEA5}
		{A119D1E6-60E8-4A14-A4D6-65CFE66BDB96} = {670DC5C9-3EC1-4948-A55D-89835282FEA5}
		{38162DA4-7992-481C-B658-29E3C2281F84} = {670DC5C9-3EC1-4948-A55D-89835282FEA5}
		{F91B527F-F69E-4FF9-90FB-E025567F3168} = {670DC5C9-3EC1-4948-A55D-89835282FEA5}
		{E6B7A4C4-B14A-4236-B746-5383A16F92B8} = {670DC5C9-3EC1-4948-A55D-89835282FEA5}
		{D29AF0A3-E0C3-4561-BFA6-DFE22F7C6151} = {670DC5C9-3EC1-4948-A55D-89835282FEA5}
		{E48EC5D5-FC5C-404A-8A3B-73DB83F2A9E4} = {670DC5C9-3EC1-4948-A55D-89835282FEA5}
		{7A2BBEF5-7F15-45E4-899C-A046612CD186} = {A3707FB5-8E05-4C01-89AE-B9D753F31E57}
	EndGlobalSection
	GlobalSection(ExtensibilityGlobals) = postSolution
		SolutionGuid = {AA684971-2F25-4E18-9CC7-5939EFC9FFD3}
	EndGlobalSection
EndGlobal
